
Microsoft Visual Studio Solution File, Format Version 12.00
# Visual Studio 15
VisualStudioVersion = 15.0.28307.572
MinimumVisualStudioVersion = 10.0.40219.1
Project("{FAE04EC0-301F-11D3-BF4B-00C04F79EFBC}") = "MVCFriend", "MVCFriend\MVCFriend.csproj", "{BB540447-1DC2-461E-A80A-EC7D05E93986}"
EndProject
Project("{FAE04EC0-301F-11D3-BF4B-00C04F79EFBC}") = "APIFriend2", "APIFriend2\APIFriend2.csproj", "{46715E8A-7B40-4A17-BCD9-2C025825814A}"
EndProject
Global
	GlobalSection(SolutionConfigurationPlatforms) = preSolution
		Debug|Any CPU = Debug|Any CPU
		Release|Any CPU = Release|Any CPU
	EndGlobalSection
	GlobalSection(ProjectConfigurationPlatforms) = postSolution
		{BB540447-1DC2-461E-A80A-EC7D05E93986}.Debug|Any CPU.ActiveCfg = Debug|Any CPU
		{BB540447-1DC2-461E-A80A-EC7D05E93986}.Debug|Any CPU.Build.0 = Debug|Any CPU
		{BB540447-1DC2-461E-A80A-EC7D05E93986}.Release|Any CPU.ActiveCfg = Release|Any CPU
		{BB540447-1DC2-461E-A80A-EC7D05E93986}.Release|Any CPU.Build.0 = Release|Any CPU
		{46715E8A-7B40-4A17-BCD9-2C025825814A}.Debug|Any CPU.ActiveCfg = Debug|Any CPU
		{46715E8A-7B40-4A17-BCD9-2C025825814A}.Debug|Any CPU.Build.0 = Debug|Any CPU
		{46715E8A-7B40-4A17-BCD9-2C025825814A}.Release|Any CPU.ActiveCfg = Release|Any CPU
		{46715E8A-7B40-4A17-BCD9-2C025825814A}.Release|Any CPU.Build.0 = Release|Any CPU
	EndGlobalSection
	GlobalSection(SolutionProperties) = preSolution
		HideSolutionNode = FALSE
	EndGlobalSection
	GlobalSection(ExtensibilityGlobals) = postSolution
		SolutionGuid = {668C0263-1866-430E-B476-12E7F6ABE72E}
	EndGlobalSection
EndGlobal
